
Microsoft Visual Studio Solution File, Format Version 12.00
# Visual Studio Version 17
VisualStudioVersion = 17.11.35327.3
MinimumVisualStudioVersion = 10.0.40219.1
Project("{9A19103F-16F7-4668-BE54-9A1E7A4F7556}") = "Core", "Core\Core.csproj", "{93BFE6F4-130E-48B6-AC60-31ACAD7A50D2}"
EndProject
Project("{9A19103F-16F7-4668-BE54-9A1E7A4F7556}") = "Infrastructure", "Infrastructure\Infrastructure.csproj", "{9850DC4C-5CC1-41F5-8DC0-6E954E0B56D9}"
EndProject
Project("{9A19103F-16F7-4668-BE54-9A1E7A4F7556}") = "Api", "Api\Api.csproj", "{926D4E82-8F93-426D-8FB1-18D73A4D3285}"
EndProject
Project("{2150E333-8FDC-42A3-9474-1A3956D46DE8}") = "Tests", "Tests", "{02EA681E-C7D8-13C7-8484-4AC65E1B71E8}"
EndProject
Project("{FAE04EC0-301F-11D3-BF4B-00C04F79EFBC}") = "Core.Tests", "Core.Tests\Core.Tests.csproj", "{EB545F67-19F8-436E-B0ED-BCC36B56B0EC}"
EndProject
Project("{FAE04EC0-301F-11D3-BF4B-00C04F79EFBC}") = "Infrastructure.Tests", "Infrastructure.Tests\Infrastructure.Tests.csproj", "{EEAE6F2F-A932-4035-8EB6-2AF5C54166EE}"
EndProject
Project("{FAE04EC0-301F-11D3-BF4B-00C04F79EFBC}") = "Trading", "Trading\Trading.csproj", "{C80836A7-D612-4F2A-B4FE-CAE32667D4D3}"
EndProject
Global
	GlobalSection(SolutionConfigurationPlatforms) = preSolution
		Debug|Any CPU = Debug|Any CPU
		Release|Any CPU = Release|Any CPU
	EndGlobalSection
	GlobalSection(ProjectConfigurationPlatforms) = postSolution
		{93BFE6F4-130E-48B6-AC60-31ACAD7A50D2}.Debug|Any CPU.ActiveCfg = Debug|Any CPU
		{93BFE6F4-130E-48B6-AC60-31ACAD7A50D2}.Debug|Any CPU.Build.0 = Debug|Any CPU
		{93BFE6F4-130E-48B6-AC60-31ACAD7A50D2}.Release|Any CPU.ActiveCfg = Release|Any CPU
		{93BFE6F4-130E-48B6-AC60-31ACAD7A50D2}.Release|Any CPU.Build.0 = Release|Any CPU
		{9850DC4C-5CC1-41F5-8DC0-6E954E0B56D9}.Debug|Any CPU.ActiveCfg = Debug|Any CPU
		{9850DC4C-5CC1-41F5-8DC0-6E954E0B56D9}.Debug|Any CPU.Build.0 = Debug|Any CPU
		{9850DC4C-5CC1-41F5-8DC0-6E954E0B56D9}.Release|Any CPU.ActiveCfg = Release|Any CPU
		{9850DC4C-5CC1-41F5-8DC0-6E954E0B56D9}.Release|Any CPU.Build.0 = Release|Any CPU
		{926D4E82-8F93-426D-8FB1-18D73A4D3285}.Debug|Any CPU.ActiveCfg = Debug|Any CPU
		{926D4E82-8F93-426D-8FB1-18D73A4D3285}.Debug|Any CPU.Build.0 = Debug|Any CPU
		{926D4E82-8F93-426D-8FB1-18D73A4D3285}.Release|Any CPU.ActiveCfg = Release|Any CPU
		{926D4E82-8F93-426D-8FB1-18D73A4D3285}.Release|Any CPU.Build.0 = Release|Any CPU
		{EB545F67-19F8-436E-B0ED-BCC36B56B0EC}.Debug|Any CPU.ActiveCfg = Debug|Any CPU
		{EB545F67-19F8-436E-B0ED-BCC36B56B0EC}.Debug|Any CPU.Build.0 = Debug|Any CPU
		{EB545F67-19F8-436E-B0ED-BCC36B56B0EC}.Release|Any CPU.ActiveCfg = Release|Any CPU
		{EB545F67-19F8-436E-B0ED-BCC36B56B0EC}.Release|Any CPU.Build.0 = Release|Any CPU
		{EEAE6F2F-A932-4035-8EB6-2AF5C54166EE}.Debug|Any CPU.ActiveCfg = Debug|Any CPU
		{EEAE6F2F-A932-4035-8EB6-2AF5C54166EE}.Debug|Any CPU.Build.0 = Debug|Any CPU
		{EEAE6F2F-A932-4035-8EB6-2AF5C54166EE}.Release|Any CPU.ActiveCfg = Release|Any CPU
		{EEAE6F2F-A932-4035-8EB6-2AF5C54166EE}.Release|Any CPU.Build.0 = Release|Any CPU
		{C80836A7-D612-4F2A-B4FE-CAE32667D4D3}.Debug|Any CPU.ActiveCfg = Debug|Any CPU
		{C80836A7-D612-4F2A-B4FE-CAE32667D4D3}.Debug|Any CPU.Build.0 = Debug|Any CPU
		{C80836A7-D612-4F2A-B4FE-CAE32667D4D3}.Release|Any CPU.ActiveCfg = Release|Any CPU
		{C80836A7-D612-4F2A-B4FE-CAE32667D4D3}.Release|Any CPU.Build.0 = Release|Any CPU
	EndGlobalSection
	GlobalSection(SolutionProperties) = preSolution
		HideSolutionNode = FALSE
	EndGlobalSection
	GlobalSection(NestedProjects) = preSolution
		{EB545F67-19F8-436E-B0ED-BCC36B56B0EC} = {02EA681E-C7D8-13C7-8484-4AC65E1B71E8}
		{EEAE6F2F-A932-4035-8EB6-2AF5C54166EE} = {02EA681E-C7D8-13C7-8484-4AC65E1B71E8}
	EndGlobalSection
	GlobalSection(ExtensibilityGlobals) = postSolution
		SolutionGuid = {B4DC8D92-82F6-4D4F-9CE7-41E216D96310}
	EndGlobalSection
EndGlobal
